
Microsoft Visual Studio Solution File, Format Version 12.00
# Visual Studio Version 16
VisualStudioVersion = 16.0.31702.278
MinimumVisualStudioVersion = 10.0.40219.1
Project("{FAE04EC0-301F-11D3-BF4B-00C04F79EFBC}") = "Pongaus", "Pongaus\Pongaus.csproj", "{F4555870-5782-4F22-B84F-255C2EEB9FB7}"
EndProject
Global
	GlobalSection(SolutionConfigurationPlatforms) = preSolution
		Debug|Any CPU = Debug|Any CPU
		Release|Any CPU = Release|Any CPU
	EndGlobalSection
	GlobalSection(ProjectConfigurationPlatforms) = postSolution
		{F4555870-5782-4F22-B84F-255C2EEB9FB7}.Debug|Any CPU.ActiveCfg = Debug|Any CPU
		{F4555870-5782-4F22-B84F-255C2EEB9FB7}.Debug|Any CPU.Build.0 = Debug|Any CPU
		{F4555870-5782-4F22-B84F-255C2EEB9FB7}.Release|Any CPU.ActiveCfg = Release|Any CPU
		{F4555870-5782-4F22-B84F-255C2EEB9FB7}.Release|Any CPU.Build.0 = Release|Any CPU
	EndGlobalSection
	GlobalSection(SolutionProperties) = preSolution
		HideSolutionNode = FALSE
	EndGlobalSection
	GlobalSection(ExtensibilityGlobals) = postSolution
		SolutionGuid = {FD8F306B-B441-4A44-AD7D-D2928D35BF2A}
	EndGlobalSection
EndGlobal
